
Microsoft Visual Studio Solution File, Format Version 12.00
# Visual Studio Version 16
VisualStudioVersion = 16.0.31911.196
MinimumVisualStudioVersion = 10.0.40219.1
Project("{FAE04EC0-301F-11D3-BF4B-00C04F79EFBC}") = "EngergyLib", "EngergyLib.csproj", "{39142325-DC05-44E1-BA89-4F25E7A2B69E}"
EndProject
Global
	GlobalSection(SolutionConfigurationPlatforms) = preSolution
		Debug|Any CPU = Debug|Any CPU
		Release|Any CPU = Release|Any CPU
	EndGlobalSection
	GlobalSection(ProjectConfigurationPlatforms) = postSolution
		{39142325-DC05-44E1-BA89-4F25E7A2B69E}.Debug|Any CPU.ActiveCfg = Debug|Any CPU
		{39142325-DC05-44E1-BA89-4F25E7A2B69E}.Debug|Any CPU.Build.0 = Debug|Any CPU
		{39142325-DC05-44E1-BA89-4F25E7A2B69E}.Release|Any CPU.ActiveCfg = Release|Any CPU
		{39142325-DC05-44E1-BA89-4F25E7A2B69E}.Release|Any CPU.Build.0 = Release|Any CPU
	EndGlobalSection
	GlobalSection(SolutionProperties) = preSolution
		HideSolutionNode = FALSE
	EndGlobalSection
	GlobalSection(ExtensibilityGlobals) = postSolution
		SolutionGuid = {CBEB0973-9D6F-47C0-982F-F8B084974D46}
	EndGlobalSection
EndGlobal
